// !$*UTF8*$!
{
	archiveVersion = 1;
	classes = {
	};
	objectVersion = 46;
	objects = {

/* Begin PBXBuildFile section */
		00CFC4BBCF08B49CC1C9E15A /* ActivityMonitor.swift in Sources */ = {isa = PBXBuildFile; fileRef = 0D6A99433883117E220E411B /* ActivityMonitor.swift */; };
		0BDF4DA1162AE9C40EB56013 /* OverlayWindowHelper.swift in Sources */ = {isa = PBXBuildFile; fileRef = FB44B945240495FA14DC535E /* OverlayWindowHelper.swift */; };
		0DD80910F551839B98E62CDA /* AppStorageLocations.swift in Sources */ = {isa = PBXBuildFile; fileRef = D0A4F766D1F56B86FD0D7598 /* AppStorageLocations.swift */; };
		0F656D3CF1B83DDF50EA2C3F /* WorkspaceContextProvider.swift in Sources */ = {isa = PBXBuildFile; fileRef = 4E5A60B7D95342914ADA1BEE /* WorkspaceContextProvider.swift */; };
		22C2CB592F2247B46B2BD785 /* BreakScheduler.swift in Sources */ = {isa = PBXBuildFile; fileRef = B821B8B5832AB6286587939D /* BreakScheduler.swift */; };
		230493810CCAA0842496D262 /* SettingsView.swift in Sources */ = {isa = PBXBuildFile; fileRef = 9DBDB9E1B572998C6F9DBF41 /* SettingsView.swift */; };
		2EB228DEEDCED25510E7CCD4 /* TimerPhaseDisplay.swift in Sources */ = {isa = PBXBuildFile; fileRef = 3F97973604D939D7B36F0F5D /* TimerPhaseDisplay.swift */; };
		2FDD44E8AC6FDDA36988C47C /* LaunchAtLoginController.swift in Sources */ = {isa = PBXBuildFile; fileRef = 892634D968203B6B6AF813C2 /* LaunchAtLoginController.swift */; };
		331BF5B6488A80B685495406 /* WellnessReminderEngine.swift in Sources */ = {isa = PBXBuildFile; fileRef = 0FB34A66F59200D0013192A1 /* WellnessReminderEngine.swift */; };
		410CFC659ECF51782B2AF7E1 /* AppLaunchConfiguration.swift in Sources */ = {isa = PBXBuildFile; fileRef = 580C2FF9E4B63031E68844AF /* AppLaunchConfiguration.swift */; };
		43B51933573CE9932FB312A9 /* AppModel.swift in Sources */ = {isa = PBXBuildFile; fileRef = 7A62F56C2E4B5029A4FB0FCF /* AppModel.swift */; };
		440741597A4850E225868477 /* Cocoa.framework in Frameworks */ = {isa = PBXBuildFile; fileRef = 6F09D9559C4F196BCE5629A5 /* Cocoa.framework */; };
		4E8D3291EE6480338DA191ED /* OnboardingFlowView.swift in Sources */ = {isa = PBXBuildFile; fileRef = 8AE8A07A59F6DE91D4DD49B4 /* OnboardingFlowView.swift */; };
		5178F167382DC8E3452FB8F2 /* SettingsWindowController.swift in Sources */ = {isa = PBXBuildFile; fileRef = 8EDAE1E932C622C82CF02FF0 /* SettingsWindowController.swift */; };
		52325C75F9952E4F6C97F18A /* ActivityLogStore.swift in Sources */ = {isa = PBXBuildFile; fileRef = 79A78D36C8066F317A8CE91D /* ActivityLogStore.swift */; };
		559EFB3A0EBE71B21A58580C /* BrewUpdateRunner.swift in Sources */ = {isa = PBXBuildFile; fileRef = AE0B1720679975339D69161F /* BrewUpdateRunner.swift */; };
		587F1AF0B5B7C6B7533C8855 /* WellnessPanelController.swift in Sources */ = {isa = PBXBuildFile; fileRef = 6FE211EE59B04DA24F8A2466 /* WellnessPanelController.swift */; };
		5B1CB1DDCE695EC92CB475C8 /* Models.swift in Sources */ = {isa = PBXBuildFile; fileRef = 7C60CCC5DBED63B19D860986 /* Models.swift */; };
		63EC9B591771FB9F6CDB81F0 /* ContextualEducationEngine.swift in Sources */ = {isa = PBXBuildFile; fileRef = 101ECC6CBC36A7CAB7ADF53D /* ContextualEducationEngine.swift */; };
		6BDDCC61E642AF7E93A5FC75 /* MenuBarLabelView.swift in Sources */ = {isa = PBXBuildFile; fileRef = BED4E3B03D452464926859A5 /* MenuBarLabelView.swift */; };
		8347E3FCC9395D0BE54C81AC /* libCore.a in Frameworks */ = {isa = PBXBuildFile; fileRef = C5C9421F2D97725779BD7C9B /* libCore.a */; };
		8677FE5E6135CB6DEF4F74BF /* ApplicationDelegate.swift in Sources */ = {isa = PBXBuildFile; fileRef = 5793AED8A939678A12645402 /* ApplicationDelegate.swift */; };
		94C4272237EC34433C357F76 /* ConfettiSwiftUI in Frameworks */ = {isa = PBXBuildFile; productRef = B7852805B6D112B6B3E34D0A /* ConfettiSwiftUI */; };
		987133EE578257E5618EE62D /* Assets.xcassets in Resources */ = {isa = PBXBuildFile; fileRef = 6D9CCF84CDD73305FE829D6E /* Assets.xcassets */; };
		9B4BCBB74DB9AE0709AC5FD3 /* PopoverContentView.swift in Sources */ = {isa = PBXBuildFile; fileRef = AD3440B9DA6D5CF53EA41931 /* PopoverContentView.swift */; };
		A0F3FADED8F7C66439A01FBF /* SettingsStore.swift in Sources */ = {isa = PBXBuildFile; fileRef = 37F1CDB397E06D2FD0BA155F /* SettingsStore.swift */; };
		AEBB7887F5D4B40E074F741C /* OnboardingFlowWindowController.swift in Sources */ = {isa = PBXBuildFile; fileRef = 034FDE85F0C8BE22B19FE77F /* OnboardingFlowWindowController.swift */; };
		BE48222F0D14755CF2427E30 /* AppWindowCoordinator.swift in Sources */ = {isa = PBXBuildFile; fileRef = 005E75C970783B52C2C163D1 /* AppWindowCoordinator.swift */; };
		C961790D6214A5A09A2FD598 /* AppShellTypes.swift in Sources */ = {isa = PBXBuildFile; fileRef = 07692C7A929A1FF6FD4DDE22 /* AppShellTypes.swift */; };
		CA738C94209DDAA5B0E7AC2A /* BreakOverlayWindowController.swift in Sources */ = {isa = PBXBuildFile; fileRef = 02DB45F714D026BDFB4D6C51 /* BreakOverlayWindowController.swift */; };
		D0F2312206D63161CB4D4E9A /* AppEntry.swift in Sources */ = {isa = PBXBuildFile; fileRef = CB511F8A199DC4F7CB4DBBF0 /* AppEntry.swift */; };
		D9622B13BF9228ED2F9BDE42 /* BreakStatsStore.swift in Sources */ = {isa = PBXBuildFile; fileRef = 1E1A032A73B4BFC6AE8983F5 /* BreakStatsStore.swift */; };
		DC1374A665110DFE301A64BD /* SharedStyles.swift in Sources */ = {isa = PBXBuildFile; fileRef = 59450F9BB4A081D402CEF397 /* SharedStyles.swift */; };
		DCEBF4EF106D6FCC34379F9B /* BreakOverlayView.swift in Sources */ = {isa = PBXBuildFile; fileRef = 8F77BC2CB8B49EC4C750C837 /* BreakOverlayView.swift */; };
		E4187934848728B0A7A4E642 /* StatusMenuView.swift in Sources */ = {isa = PBXBuildFile; fileRef = DEE48032C803D2815EA358D4 /* StatusMenuView.swift */; };
		F3120FCEE3F256A74451B486 /* UpdateManager.swift in Sources */ = {isa = PBXBuildFile; fileRef = 8D207F12E8D6F8F6F979CBAD /* UpdateManager.swift */; };
/* End PBXBuildFile section */

/* Begin PBXContainerItemProxy section */
		AD8B8B18F599675022C627EB /* PBXContainerItemProxy */ = {
			isa = PBXContainerItemProxy;
			containerPortal = D1B929F3DB8E58E59F479A0A /* Project object */;
			proxyType = 1;
			remoteGlobalIDString = E3631E4B9E618BE0944E553B;
			remoteInfo = Core;
		};
/* End PBXContainerItemProxy section */

/* Begin PBXFileReference section */
		005E75C970783B52C2C163D1 /* AppWindowCoordinator.swift */ = {isa = PBXFileReference; includeInIndex = 1; lastKnownFileType = sourcecode.swift; path = AppWindowCoordinator.swift; sourceTree = "<group>"; };
		02DB45F714D026BDFB4D6C51 /* BreakOverlayWindowController.swift */ = {isa = PBXFileReference; includeInIndex = 1; lastKnownFileType = sourcecode.swift; path = BreakOverlayWindowController.swift; sourceTree = "<group>"; };
		034FDE85F0C8BE22B19FE77F /* OnboardingFlowWindowController.swift */ = {isa = PBXFileReference; includeInIndex = 1; lastKnownFileType = sourcecode.swift; path = OnboardingFlowWindowController.swift; sourceTree = "<group>"; };
		07692C7A929A1FF6FD4DDE22 /* AppShellTypes.swift */ = {isa = PBXFileReference; includeInIndex = 1; lastKnownFileType = sourcecode.swift; path = AppShellTypes.swift; sourceTree = "<group>"; };
		0D6A99433883117E220E411B /* ActivityMonitor.swift */ = {isa = PBXFileReference; includeInIndex = 1; lastKnownFileType = sourcecode.swift; path = ActivityMonitor.swift; sourceTree = "<group>"; };
		0FB34A66F59200D0013192A1 /* WellnessReminderEngine.swift */ = {isa = PBXFileReference; includeInIndex = 1; lastKnownFileType = sourcecode.swift; path = WellnessReminderEngine.swift; sourceTree = "<group>"; };
		101ECC6CBC36A7CAB7ADF53D /* ContextualEducationEngine.swift */ = {isa = PBXFileReference; includeInIndex = 1; lastKnownFileType = sourcecode.swift; path = ContextualEducationEngine.swift; sourceTree = "<group>"; };
		124686CD386475BDF1F0318C /* generate-xcodeproj.rb */ = {isa = PBXFileReference; includeInIndex = 1; path = "generate-xcodeproj.rb"; sourceTree = "<group>"; };
		1E1A032A73B4BFC6AE8983F5 /* BreakStatsStore.swift */ = {isa = PBXFileReference; includeInIndex = 1; lastKnownFileType = sourcecode.swift; path = BreakStatsStore.swift; sourceTree = "<group>"; };
		37F1CDB397E06D2FD0BA155F /* SettingsStore.swift */ = {isa = PBXFileReference; includeInIndex = 1; lastKnownFileType = sourcecode.swift; path = SettingsStore.swift; sourceTree = "<group>"; };
		3F97973604D939D7B36F0F5D /* TimerPhaseDisplay.swift */ = {isa = PBXFileReference; includeInIndex = 1; lastKnownFileType = sourcecode.swift; path = TimerPhaseDisplay.swift; sourceTree = "<group>"; };
		4E5A60B7D95342914ADA1BEE /* WorkspaceContextProvider.swift */ = {isa = PBXFileReference; includeInIndex = 1; lastKnownFileType = sourcecode.swift; path = WorkspaceContextProvider.swift; sourceTree = "<group>"; };
		5793AED8A939678A12645402 /* ApplicationDelegate.swift */ = {isa = PBXFileReference; includeInIndex = 1; lastKnownFileType = sourcecode.swift; path = ApplicationDelegate.swift; sourceTree = "<group>"; };
		580C2FF9E4B63031E68844AF /* AppLaunchConfiguration.swift */ = {isa = PBXFileReference; includeInIndex = 1; lastKnownFileType = sourcecode.swift; path = AppLaunchConfiguration.swift; sourceTree = "<group>"; };
		59450F9BB4A081D402CEF397 /* SharedStyles.swift */ = {isa = PBXFileReference; includeInIndex = 1; lastKnownFileType = sourcecode.swift; path = SharedStyles.swift; sourceTree = "<group>"; };
		6D9CCF84CDD73305FE829D6E /* Assets.xcassets */ = {isa = PBXFileReference; includeInIndex = 1; lastKnownFileType = folder.assetcatalog; path = Assets.xcassets; sourceTree = "<group>"; };
		6F09D9559C4F196BCE5629A5 /* Cocoa.framework */ = {isa = PBXFileReference; lastKnownFileType = wrapper.framework; name = Cocoa.framework; path = Platforms/MacOSX.platform/Developer/SDKs/MacOSX15.0.sdk/System/Library/Frameworks/Cocoa.framework; sourceTree = DEVELOPER_DIR; };
		6FE211EE59B04DA24F8A2466 /* WellnessPanelController.swift */ = {isa = PBXFileReference; includeInIndex = 1; lastKnownFileType = sourcecode.swift; path = WellnessPanelController.swift; sourceTree = "<group>"; };
		79A78D36C8066F317A8CE91D /* ActivityLogStore.swift */ = {isa = PBXFileReference; includeInIndex = 1; lastKnownFileType = sourcecode.swift; path = ActivityLogStore.swift; sourceTree = "<group>"; };
		7A62F56C2E4B5029A4FB0FCF /* AppModel.swift */ = {isa = PBXFileReference; includeInIndex = 1; lastKnownFileType = sourcecode.swift; path = AppModel.swift; sourceTree = "<group>"; };
		7C60CCC5DBED63B19D860986 /* Models.swift */ = {isa = PBXFileReference; includeInIndex = 1; lastKnownFileType = sourcecode.swift; path = Models.swift; sourceTree = "<group>"; };
		892634D968203B6B6AF813C2 /* LaunchAtLoginController.swift */ = {isa = PBXFileReference; includeInIndex = 1; lastKnownFileType = sourcecode.swift; path = LaunchAtLoginController.swift; sourceTree = "<group>"; };
		8AE8A07A59F6DE91D4DD49B4 /* OnboardingFlowView.swift */ = {isa = PBXFileReference; includeInIndex = 1; lastKnownFileType = sourcecode.swift; path = OnboardingFlowView.swift; sourceTree = "<group>"; };
		8D207F12E8D6F8F6F979CBAD /* UpdateManager.swift */ = {isa = PBXFileReference; includeInIndex = 1; lastKnownFileType = sourcecode.swift; path = UpdateManager.swift; sourceTree = "<group>"; };
		8EDAE1E932C622C82CF02FF0 /* SettingsWindowController.swift */ = {isa = PBXFileReference; includeInIndex = 1; lastKnownFileType = sourcecode.swift; path = SettingsWindowController.swift; sourceTree = "<group>"; };
		8F6AFB2C624A5D9A84891D03 /* knook.rb */ = {isa = PBXFileReference; includeInIndex = 1; path = knook.rb; sourceTree = "<group>"; };
		8F77BC2CB8B49EC4C750C837 /* BreakOverlayView.swift */ = {isa = PBXFileReference; includeInIndex = 1; lastKnownFileType = sourcecode.swift; path = BreakOverlayView.swift; sourceTree = "<group>"; };
		9DBDB9E1B572998C6F9DBF41 /* SettingsView.swift */ = {isa = PBXFileReference; includeInIndex = 1; lastKnownFileType = sourcecode.swift; path = SettingsView.swift; sourceTree = "<group>"; };
		A0FDD83C61FA732F3111A45F /* knook.entitlements */ = {isa = PBXFileReference; includeInIndex = 1; lastKnownFileType = text.plist.entitlements; path = knook.entitlements; sourceTree = "<group>"; };
		AB52D799DAD3785EA24AE173 /* ExportOptions.plist */ = {isa = PBXFileReference; includeInIndex = 1; lastKnownFileType = text.plist.xml; path = ExportOptions.plist; sourceTree = "<group>"; };
		AD3440B9DA6D5CF53EA41931 /* PopoverContentView.swift */ = {isa = PBXFileReference; includeInIndex = 1; lastKnownFileType = sourcecode.swift; path = PopoverContentView.swift; sourceTree = "<group>"; };
		AE0B1720679975339D69161F /* BrewUpdateRunner.swift */ = {isa = PBXFileReference; includeInIndex = 1; lastKnownFileType = sourcecode.swift; path = BrewUpdateRunner.swift; sourceTree = "<group>"; };
		B03F97C72AE59DA6ABE9380D /* README.md */ = {isa = PBXFileReference; includeInIndex = 1; path = README.md; sourceTree = "<group>"; };
		B5579F45AF9999A8B52E1F9D /* Info.plist */ = {isa = PBXFileReference; includeInIndex = 1; lastKnownFileType = text.plist.xml; path = Info.plist; sourceTree = "<group>"; };
		B821B8B5832AB6286587939D /* BreakScheduler.swift */ = {isa = PBXFileReference; includeInIndex = 1; lastKnownFileType = sourcecode.swift; path = BreakScheduler.swift; sourceTree = "<group>"; };
		BED4E3B03D452464926859A5 /* MenuBarLabelView.swift */ = {isa = PBXFileReference; includeInIndex = 1; lastKnownFileType = sourcecode.swift; path = MenuBarLabelView.swift; sourceTree = "<group>"; };
		C0399046E538821345F99A6C /* generate-app-icons.sh */ = {isa = PBXFileReference; includeInIndex = 1; lastKnownFileType = text.script.sh; path = "generate-app-icons.sh"; sourceTree = "<group>"; };
		C5AF4533C5A826811E6D3D5C /* knook.app */ = {isa = PBXFileReference; explicitFileType = wrapper.application; includeInIndex = 0; path = knook.app; sourceTree = BUILT_PRODUCTS_DIR; };
		C5C9421F2D97725779BD7C9B /* libCore.a */ = {isa = PBXFileReference; explicitFileType = archive.ar; includeInIndex = 0; path = libCore.a; sourceTree = BUILT_PRODUCTS_DIR; };
		CB511F8A199DC4F7CB4DBBF0 /* AppEntry.swift */ = {isa = PBXFileReference; includeInIndex = 1; lastKnownFileType = sourcecode.swift; path = AppEntry.swift; sourceTree = "<group>"; };
		CBA6FA7032B589FD19287153 /* create-dmg.sh */ = {isa = PBXFileReference; includeInIndex = 1; lastKnownFileType = text.script.sh; path = "create-dmg.sh"; sourceTree = "<group>"; };
		CED0764B3BAB80FE2FD990FB /* release.sh */ = {isa = PBXFileReference; includeInIndex = 1; lastKnownFileType = text.script.sh; path = release.sh; sourceTree = "<group>"; };
		D0A4F766D1F56B86FD0D7598 /* AppStorageLocations.swift */ = {isa = PBXFileReference; includeInIndex = 1; lastKnownFileType = sourcecode.swift; path = AppStorageLocations.swift; sourceTree = "<group>"; };
		DEE48032C803D2815EA358D4 /* StatusMenuView.swift */ = {isa = PBXFileReference; includeInIndex = 1; lastKnownFileType = sourcecode.swift; path = StatusMenuView.swift; sourceTree = "<group>"; };
		FB44B945240495FA14DC535E /* OverlayWindowHelper.swift */ = {isa = PBXFileReference; includeInIndex = 1; lastKnownFileType = sourcecode.swift; path = OverlayWindowHelper.swift; sourceTree = "<group>"; };
/* End PBXFileReference section */

/* Begin PBXFrameworksBuildPhase section */
		8B1BDB28D205AB28A3290431 /* Frameworks */ = {
			isa = PBXFrameworksBuildPhase;
			buildActionMask = 2147483647;
			files = (
				440741597A4850E225868477 /* Cocoa.framework in Frameworks */,
				94C4272237EC34433C357F76 /* ConfettiSwiftUI in Frameworks */,
				8347E3FCC9395D0BE54C81AC /* libCore.a in Frameworks */,
			);
			runOnlyForDeploymentPostprocessing = 0;
		};
		949384E64166FC2E0E0BF4E8 /* Frameworks */ = {
			isa = PBXFrameworksBuildPhase;
			buildActionMask = 2147483647;
			files = (
			);
			runOnlyForDeploymentPostprocessing = 0;
		};
/* End PBXFrameworksBuildPhase section */

/* Begin PBXGroup section */
		23A9275B282F0918C5F21B38 /* packaging */ = {
			isa = PBXGroup;
			children = (
				7DA1E920EF82480A9A1F281A /* homebrew */,
				832B45840C0CD74129319042 /* macos */,
			);
			name = packaging;
			path = packaging;
			sourceTree = SOURCE_ROOT;
		};
		3CA58FCDFF202EB7183E7D26 /* Sources */ = {
			isa = PBXGroup;
			children = (
				EA23009FB78FE8B3842B208B /* AppShell */,
				97F476836E4BD6B9E946E7F2 /* Core */,
			);
			name = Sources;
			path = Sources;
			sourceTree = SOURCE_ROOT;
		};
		479BD7D1889988E3602947E0 = {
			isa = PBXGroup;
			children = (
				6FEA1445DBB1784693FD34F0 /* Frameworks */,
				23A9275B282F0918C5F21B38 /* packaging */,
				7986B789FEF57E0902B02BAF /* Products */,
				3CA58FCDFF202EB7183E7D26 /* Sources */,
			);
			sourceTree = "<group>";
		};
		4C3F81944E45D5DDA21D4B05 /* OS X */ = {
			isa = PBXGroup;
			children = (
				6F09D9559C4F196BCE5629A5 /* Cocoa.framework */,
			);
			name = "OS X";
			sourceTree = "<group>";
		};
		658536B0F2E8B6813C4BFF29 /* Casks */ = {
			isa = PBXGroup;
			children = (
				8F6AFB2C624A5D9A84891D03 /* knook.rb */,
			);
			name = Casks;
			path = Casks;
			sourceTree = "<group>";
		};
		6FEA1445DBB1784693FD34F0 /* Frameworks */ = {
			isa = PBXGroup;
			children = (
				4C3F81944E45D5DDA21D4B05 /* OS X */,
			);
			name = Frameworks;
			sourceTree = "<group>";
		};
		7986B789FEF57E0902B02BAF /* Products */ = {
			isa = PBXGroup;
			children = (
				C5AF4533C5A826811E6D3D5C /* knook.app */,
				C5C9421F2D97725779BD7C9B /* libCore.a */,
			);
			name = Products;
			sourceTree = "<group>";
		};
		7DA1E920EF82480A9A1F281A /* homebrew */ = {
			isa = PBXGroup;
			children = (
				658536B0F2E8B6813C4BFF29 /* Casks */,
				B03F97C72AE59DA6ABE9380D /* README.md */,
			);
			name = homebrew;
			path = homebrew;
			sourceTree = "<group>";
		};
		832B45840C0CD74129319042 /* macos */ = {
			isa = PBXGroup;
			children = (
				CBA6FA7032B589FD19287153 /* create-dmg.sh */,
				AB52D799DAD3785EA24AE173 /* ExportOptions.plist */,
				C0399046E538821345F99A6C /* generate-app-icons.sh */,
				124686CD386475BDF1F0318C /* generate-xcodeproj.rb */,
				B5579F45AF9999A8B52E1F9D /* Info.plist */,
				A0FDD83C61FA732F3111A45F /* knook.entitlements */,
				CED0764B3BAB80FE2FD990FB /* release.sh */,
			);
			name = macos;
			path = macos;
			sourceTree = "<group>";
		};
		97F476836E4BD6B9E946E7F2 /* Core */ = {
			isa = PBXGroup;
			children = (
				79A78D36C8066F317A8CE91D /* ActivityLogStore.swift */,
				0D6A99433883117E220E411B /* ActivityMonitor.swift */,
				D0A4F766D1F56B86FD0D7598 /* AppStorageLocations.swift */,
				B821B8B5832AB6286587939D /* BreakScheduler.swift */,
				1E1A032A73B4BFC6AE8983F5 /* BreakStatsStore.swift */,
				101ECC6CBC36A7CAB7ADF53D /* ContextualEducationEngine.swift */,
				892634D968203B6B6AF813C2 /* LaunchAtLoginController.swift */,
				7C60CCC5DBED63B19D860986 /* Models.swift */,
				37F1CDB397E06D2FD0BA155F /* SettingsStore.swift */,
				0FB34A66F59200D0013192A1 /* WellnessReminderEngine.swift */,
				4E5A60B7D95342914ADA1BEE /* WorkspaceContextProvider.swift */,
			);
			name = Core;
			path = Core;
			sourceTree = "<group>";
		};
		9D336260559149623CD68A3B /* Resources */ = {
			isa = PBXGroup;
			children = (
				6D9CCF84CDD73305FE829D6E /* Assets.xcassets */,
			);
			name = Resources;
			path = Resources;
			sourceTree = "<group>";
		};
		EA23009FB78FE8B3842B208B /* AppShell */ = {
			isa = PBXGroup;
			children = (
				CB511F8A199DC4F7CB4DBBF0 /* AppEntry.swift */,
				580C2FF9E4B63031E68844AF /* AppLaunchConfiguration.swift */,
				5793AED8A939678A12645402 /* ApplicationDelegate.swift */,
				7A62F56C2E4B5029A4FB0FCF /* AppModel.swift */,
				07692C7A929A1FF6FD4DDE22 /* AppShellTypes.swift */,
				005E75C970783B52C2C163D1 /* AppWindowCoordinator.swift */,
				8F77BC2CB8B49EC4C750C837 /* BreakOverlayView.swift */,
				02DB45F714D026BDFB4D6C51 /* BreakOverlayWindowController.swift */,
				AE0B1720679975339D69161F /* BrewUpdateRunner.swift */,
				BED4E3B03D452464926859A5 /* MenuBarLabelView.swift */,
				8AE8A07A59F6DE91D4DD49B4 /* OnboardingFlowView.swift */,
				034FDE85F0C8BE22B19FE77F /* OnboardingFlowWindowController.swift */,
				FB44B945240495FA14DC535E /* OverlayWindowHelper.swift */,
				AD3440B9DA6D5CF53EA41931 /* PopoverContentView.swift */,
				9D336260559149623CD68A3B /* Resources */,
				9DBDB9E1B572998C6F9DBF41 /* SettingsView.swift */,
				8EDAE1E932C622C82CF02FF0 /* SettingsWindowController.swift */,
				59450F9BB4A081D402CEF397 /* SharedStyles.swift */,
				DEE48032C803D2815EA358D4 /* StatusMenuView.swift */,
				3F97973604D939D7B36F0F5D /* TimerPhaseDisplay.swift */,
				8D207F12E8D6F8F6F979CBAD /* UpdateManager.swift */,
				6FE211EE59B04DA24F8A2466 /* WellnessPanelController.swift */,
			);
			name = AppShell;
			path = AppShell;
			sourceTree = "<group>";
		};
/* End PBXGroup section */

/* Begin PBXHeadersBuildPhase section */
		EA272EDFB03B2D8E91B51ACA /* Headers */ = {
			isa = PBXHeadersBuildPhase;
			buildActionMask = 2147483647;
			files = (
			);
			runOnlyForDeploymentPostprocessing = 0;
		};
/* End PBXHeadersBuildPhase section */

/* Begin PBXNativeTarget section */
		C79F8418820020A6A9ABECEA /* knook */ = {
			isa = PBXNativeTarget;
			buildConfigurationList = 303CEDA5081E0C12101239CC /* Build configuration list for PBXNativeTarget "knook" */;
			buildPhases = (
				324DFCA7DDACB164969ADB0B /* Sources */,
				8B1BDB28D205AB28A3290431 /* Frameworks */,
				ED46DAE87228796276060013 /* Resources */,
			);
			buildRules = (
			);
			dependencies = (
				04760E0418078CA68773ABF9 /* PBXTargetDependency */,
			);
			name = knook;
			packageProductDependencies = (
				B7852805B6D112B6B3E34D0A /* ConfettiSwiftUI */,
			);
			productName = knook;
			productReference = C5AF4533C5A826811E6D3D5C /* knook.app */;
			productType = "com.apple.product-type.application";
		};
		E3631E4B9E618BE0944E553B /* Core */ = {
			isa = PBXNativeTarget;
			buildConfigurationList = AB7282850CB6A8A99434B3D5 /* Build configuration list for PBXNativeTarget "Core" */;
			buildPhases = (
				EA272EDFB03B2D8E91B51ACA /* Headers */,
				D46B6735E40F6E0F0073A3C7 /* Sources */,
				949384E64166FC2E0E0BF4E8 /* Frameworks */,
			);
			buildRules = (
			);
			dependencies = (
			);
			name = Core;
			productName = Core;
			productReference = C5C9421F2D97725779BD7C9B /* libCore.a */;
			productType = "com.apple.product-type.library.static";
		};
/* End PBXNativeTarget section */

/* Begin PBXProject section */
		D1B929F3DB8E58E59F479A0A /* Project object */ = {
			isa = PBXProject;
			attributes = {
				LastSwiftUpdateCheck = 1600;
				LastUpgradeCheck = 1600;
			};
			buildConfigurationList = 66222920B0B439E7F27E726E /* Build configuration list for PBXProject "Knook_Ita" */;
			compatibilityVersion = "Xcode 3.2";
			developmentRegion = en;
			hasScannedForEncodings = 0;
			knownRegions = (
				en,
				Base,
			);
			mainGroup = 479BD7D1889988E3602947E0;
			minimizedProjectReferenceProxies = 0;
			packageReferences = (
				ED22DBB9190C47B8989FAB67 /* XCRemoteSwiftPackageReference "ConfettiSwiftUI" */,
			);
			preferredProjectObjectVersion = 77;
			productRefGroup = 7986B789FEF57E0902B02BAF /* Products */;
			projectDirPath = "";
			projectRoot = "";
			targets = (
				E3631E4B9E618BE0944E553B /* Core */,
				C79F8418820020A6A9ABECEA /* knook */,
			);
		};
/* End PBXProject section */

/* Begin PBXResourcesBuildPhase section */
		ED46DAE87228796276060013 /* Resources */ = {
			isa = PBXResourcesBuildPhase;
			buildActionMask = 2147483647;
			files = (
				987133EE578257E5618EE62D /* Assets.xcassets in Resources */,
			);
			runOnlyForDeploymentPostprocessing = 0;
		};
/* End PBXResourcesBuildPhase section */

/* Begin PBXSourcesBuildPhase section */
		324DFCA7DDACB164969ADB0B /* Sources */ = {
			isa = PBXSourcesBuildPhase;
			buildActionMask = 2147483647;
			files = (
				D0F2312206D63161CB4D4E9A /* AppEntry.swift in Sources */,
				410CFC659ECF51782B2AF7E1 /* AppLaunchConfiguration.swift in Sources */,
				8677FE5E6135CB6DEF4F74BF /* ApplicationDelegate.swift in Sources */,
				43B51933573CE9932FB312A9 /* AppModel.swift in Sources */,
				C961790D6214A5A09A2FD598 /* AppShellTypes.swift in Sources */,
				BE48222F0D14755CF2427E30 /* AppWindowCoordinator.swift in Sources */,
				DCEBF4EF106D6FCC34379F9B /* BreakOverlayView.swift in Sources */,
				CA738C94209DDAA5B0E7AC2A /* BreakOverlayWindowController.swift in Sources */,
				559EFB3A0EBE71B21A58580C /* BrewUpdateRunner.swift in Sources */,
				6BDDCC61E642AF7E93A5FC75 /* MenuBarLabelView.swift in Sources */,
				4E8D3291EE6480338DA191ED /* OnboardingFlowView.swift in Sources */,
				AEBB7887F5D4B40E074F741C /* OnboardingFlowWindowController.swift in Sources */,
				0BDF4DA1162AE9C40EB56013 /* OverlayWindowHelper.swift in Sources */,
				9B4BCBB74DB9AE0709AC5FD3 /* PopoverContentView.swift in Sources */,
				230493810CCAA0842496D262 /* SettingsView.swift in Sources */,
				5178F167382DC8E3452FB8F2 /* SettingsWindowController.swift in Sources */,
				DC1374A665110DFE301A64BD /* SharedStyles.swift in Sources */,
				E4187934848728B0A7A4E642 /* StatusMenuView.swift in Sources */,
				2EB228DEEDCED25510E7CCD4 /* TimerPhaseDisplay.swift in Sources */,
				F3120FCEE3F256A74451B486 /* UpdateManager.swift in Sources */,
				587F1AF0B5B7C6B7533C8855 /* WellnessPanelController.swift in Sources */,
			);
			runOnlyForDeploymentPostprocessing = 0;
		};
		D46B6735E40F6E0F0073A3C7 /* Sources */ = {
			isa = PBXSourcesBuildPhase;
			buildActionMask = 2147483647;
			files = (
				52325C75F9952E4F6C97F18A /* ActivityLogStore.swift in Sources */,
				00CFC4BBCF08B49CC1C9E15A /* ActivityMonitor.swift in Sources */,
				0DD80910F551839B98E62CDA /* AppStorageLocations.swift in Sources */,
				22C2CB592F2247B46B2BD785 /* BreakScheduler.swift in Sources */,
				D9622B13BF9228ED2F9BDE42 /* BreakStatsStore.swift in Sources */,
				63EC9B591771FB9F6CDB81F0 /* ContextualEducationEngine.swift in Sources */,
				2FDD44E8AC6FDDA36988C47C /* LaunchAtLoginController.swift in Sources */,
				5B1CB1DDCE695EC92CB475C8 /* Models.swift in Sources */,
				A0F3FADED8F7C66439A01FBF /* SettingsStore.swift in Sources */,
				331BF5B6488A80B685495406 /* WellnessReminderEngine.swift in Sources */,
				0F656D3CF1B83DDF50EA2C3F /* WorkspaceContextProvider.swift in Sources */,
			);
			runOnlyForDeploymentPostprocessing = 0;
		};
/* End PBXSourcesBuildPhase section */

/* Begin PBXTargetDependency section */
		04760E0418078CA68773ABF9 /* PBXTargetDependency */ = {
			isa = PBXTargetDependency;
			name = Core;
			target = E3631E4B9E618BE0944E553B /* Core */;
			targetProxy = AD8B8B18F599675022C627EB /* PBXContainerItemProxy */;
		};
/* End PBXTargetDependency section */

/* Begin XCBuildConfiguration section */
		0717E434CB5F38AC13450289 /* Release */ = {
			isa = XCBuildConfiguration;
			buildSettings = {
				ASSETCATALOG_COMPILER_APPICON_NAME = AppIcon;
				ASSETCATALOG_COMPILER_GLOBAL_ACCENT_COLOR_NAME = AccentColor;
				CODE_SIGN_ENTITLEMENTS = packaging/macos/knook.entitlements;
				CODE_SIGN_IDENTITY = "Developer ID Application";
				CODE_SIGN_STYLE = Manual;
				COMBINE_HIDPI_IMAGES = YES;
				CURRENT_PROJECT_VERSION = 1;
				DEVELOPMENT_TEAM = BDT655MGNN;
				ENABLE_HARDENED_RUNTIME = YES;
				GENERATE_INFOPLIST_FILE = NO;
				INFOPLIST_FILE = packaging/macos/Info.plist;
				IPHONEOS_DEPLOYMENT_TARGET = 14.0;
				LD_RUNPATH_SEARCH_PATHS = "$(inherited) @executable_path/../Frameworks";
				MACOSX_DEPLOYMENT_TARGET = 13.0;
				MARKETING_VERSION = 3.1.0;
				PRODUCT_BUNDLE_IDENTIFIER = "io.github.manuvarru.knook-ita";
				PRODUCT_NAME = "Knook Ita";
				SDKROOT = macosx;
				SUPPORTED_PLATFORMS = macosx;
				SWIFT_EMIT_LOC_STRINGS = YES;
				SWIFT_VERSION = 6.0;
			};
			name = Release;
		};
		266F0C4154599F5925D75D5B /* Debug */ = {
			isa = XCBuildConfiguration;
			buildSettings = {
				ASSETCATALOG_COMPILER_APPICON_NAME = AppIcon;
				ASSETCATALOG_COMPILER_GLOBAL_ACCENT_COLOR_NAME = AccentColor;
				CODE_SIGN_ENTITLEMENTS = packaging/macos/knook.entitlements;
				CODE_SIGN_IDENTITY = "Developer ID Application";
				CODE_SIGN_STYLE = Manual;
				COMBINE_HIDPI_IMAGES = YES;
				CURRENT_PROJECT_VERSION = 1;
				DEVELOPMENT_TEAM = BDT655MGNN;
				ENABLE_HARDENED_RUNTIME = YES;
				GENERATE_INFOPLIST_FILE = NO;
				INFOPLIST_FILE = packaging/macos/Info.plist;
				IPHONEOS_DEPLOYMENT_TARGET = 14.0;
				LD_RUNPATH_SEARCH_PATHS = "$(inherited) @executable_path/../Frameworks";
				MACOSX_DEPLOYMENT_TARGET = 13.0;
				MARKETING_VERSION = 3.1.0;
				PRODUCT_BUNDLE_IDENTIFIER = "io.github.manuvarru.knook-ita";
				PRODUCT_NAME = "Knook Ita";
				SDKROOT = macosx;
				SUPPORTED_PLATFORMS = macosx;
				SWIFT_EMIT_LOC_STRINGS = YES;
				SWIFT_VERSION = 6.0;
			};
			name = Debug;
		};
		80C30BAF2A43DC268F3CF2E5 /* Release */ = {
			isa = XCBuildConfiguration;
			buildSettings = {
				DEFINES_MODULE = YES;
				EXECUTABLE_PREFIX = lib;
				IPHONEOS_DEPLOYMENT_TARGET = 14.0;
				MACH_O_TYPE = staticlib;
				MACOSX_DEPLOYMENT_TARGET = 13.0;
				PRODUCT_NAME = Core;
				SDKROOT = macosx;
				SKIP_INSTALL = YES;
				SUPPORTED_PLATFORMS = macosx;
				SWIFT_VERSION = 6.0;
			};
			name = Release;
		};
		AA7AA0952F915CBA9A90A9CA /* Release */ = {
			isa = XCBuildConfiguration;
			buildSettings = {
				ALWAYS_SEARCH_USER_PATHS = NO;
				CLANG_ANALYZER_NONNULL = YES;
				CLANG_ANALYZER_NUMBER_OBJECT_CONVERSION = YES_AGGRESSIVE;
				CLANG_CXX_LANGUAGE_STANDARD = "gnu++14";
				CLANG_CXX_LIBRARY = "libc++";
				CLANG_ENABLE_MODULES = YES;
				CLANG_ENABLE_OBJC_ARC = YES;
				CLANG_ENABLE_OBJC_WEAK = YES;
				CLANG_WARN_BLOCK_CAPTURE_AUTORELEASING = YES;
				CLANG_WARN_BOOL_CONVERSION = YES;
				CLANG_WARN_COMMA = YES;
				CLANG_WARN_CONSTANT_CONVERSION = YES;
				CLANG_WARN_DEPRECATED_OBJC_IMPLEMENTATIONS = YES;
				CLANG_WARN_DIRECT_OBJC_ISA_USAGE = YES_ERROR;
				CLANG_WARN_DOCUMENTATION_COMMENTS = YES;
				CLANG_WARN_EMPTY_BODY = YES;
				CLANG_WARN_ENUM_CONVERSION = YES;
				CLANG_WARN_INFINITE_RECURSION = YES;
				CLANG_WARN_INT_CONVERSION = YES;
				CLANG_WARN_NON_LITERAL_NULL_CONVERSION = YES;
				CLANG_WARN_OBJC_IMPLICIT_RETAIN_SELF = YES;
				CLANG_WARN_OBJC_LITERAL_CONVERSION = YES;
				CLANG_WARN_OBJC_ROOT_CLASS = YES_ERROR;
				CLANG_WARN_QUOTED_INCLUDE_IN_FRAMEWORK_HEADER = YES;
				CLANG_WARN_RANGE_LOOP_ANALYSIS = YES;
				CLANG_WARN_STRICT_PROTOTYPES = YES;
				CLANG_WARN_SUSPICIOUS_MOVE = YES;
				CLANG_WARN_UNGUARDED_AVAILABILITY = YES_AGGRESSIVE;
				CLANG_WARN_UNREACHABLE_CODE = YES;
				CLANG_WARN__DUPLICATE_METHOD_MATCH = YES;
				COPY_PHASE_STRIP = NO;
				DEBUG_INFORMATION_FORMAT = "dwarf-with-dsym";
				ENABLE_NS_ASSERTIONS = NO;
				ENABLE_STRICT_OBJC_MSGSEND = YES;
				GCC_C_LANGUAGE_STANDARD = gnu11;
				GCC_NO_COMMON_BLOCKS = YES;
				GCC_WARN_64_TO_32_BIT_CONVERSION = YES;
				GCC_WARN_ABOUT_RETURN_TYPE = YES_ERROR;
				GCC_WARN_UNDECLARED_SELECTOR = YES;
				GCC_WARN_UNINITIALIZED_AUTOS = YES_AGGRESSIVE;
				GCC_WARN_UNUSED_FUNCTION = YES;
				GCC_WARN_UNUSED_VARIABLE = YES;
				IPHONEOS_DEPLOYMENT_TARGET = 14.0;
				MACOSX_DEPLOYMENT_TARGET = 13.0;
				MTL_ENABLE_DEBUG_INFO = NO;
				MTL_FAST_MATH = YES;
				PRODUCT_NAME = "$(TARGET_NAME)";
				SDKROOT = macosx;
				SUPPORTED_PLATFORMS = macosx;
				SWIFT_COMPILATION_MODE = wholemodule;
				SWIFT_OPTIMIZATION_LEVEL = "-O";
				SWIFT_VERSION = 6.0;
			};
			name = Release;
		};
		B1525FFF46E3CAA42DE5DB6E /* Debug */ = {
			isa = XCBuildConfiguration;
			buildSettings = {
				ALWAYS_SEARCH_USER_PATHS = NO;
				CLANG_ANALYZER_NONNULL = YES;
				CLANG_ANALYZER_NUMBER_OBJECT_CONVERSION = YES_AGGRESSIVE;
				CLANG_CXX_LANGUAGE_STANDARD = "gnu++14";
				CLANG_CXX_LIBRARY = "libc++";
				CLANG_ENABLE_MODULES = YES;
				CLANG_ENABLE_OBJC_ARC = YES;
				CLANG_ENABLE_OBJC_WEAK = YES;
				CLANG_WARN_BLOCK_CAPTURE_AUTORELEASING = YES;
				CLANG_WARN_BOOL_CONVERSION = YES;
				CLANG_WARN_COMMA = YES;
				CLANG_WARN_CONSTANT_CONVERSION = YES;
				CLANG_WARN_DEPRECATED_OBJC_IMPLEMENTATIONS = YES;
				CLANG_WARN_DIRECT_OBJC_ISA_USAGE = YES_ERROR;
				CLANG_WARN_DOCUMENTATION_COMMENTS = YES;
				CLANG_WARN_EMPTY_BODY = YES;
				CLANG_WARN_ENUM_CONVERSION = YES;
				CLANG_WARN_INFINITE_RECURSION = YES;
				CLANG_WARN_INT_CONVERSION = YES;
				CLANG_WARN_NON_LITERAL_NULL_CONVERSION = YES;
				CLANG_WARN_OBJC_IMPLICIT_RETAIN_SELF = YES;
				CLANG_WARN_OBJC_LITERAL_CONVERSION = YES;
				CLANG_WARN_OBJC_ROOT_CLASS = YES_ERROR;
				CLANG_WARN_QUOTED_INCLUDE_IN_FRAMEWORK_HEADER = YES;
				CLANG_WARN_RANGE_LOOP_ANALYSIS = YES;
				CLANG_WARN_STRICT_PROTOTYPES = YES;
				CLANG_WARN_SUSPICIOUS_MOVE = YES;
				CLANG_WARN_UNGUARDED_AVAILABILITY = YES_AGGRESSIVE;
				CLANG_WARN_UNREACHABLE_CODE = YES;
				CLANG_WARN__DUPLICATE_METHOD_MATCH = YES;
				COPY_PHASE_STRIP = NO;
				DEBUG_INFORMATION_FORMAT = dwarf;
				ENABLE_STRICT_OBJC_MSGSEND = YES;
				ENABLE_TESTABILITY = YES;
				GCC_C_LANGUAGE_STANDARD = gnu11;
				GCC_DYNAMIC_NO_PIC = NO;
				GCC_NO_COMMON_BLOCKS = YES;
				GCC_OPTIMIZATION_LEVEL = 0;
				GCC_PREPROCESSOR_DEFINITIONS = (
					"DEBUG=1",
					"$(inherited)",
				);
				GCC_WARN_64_TO_32_BIT_CONVERSION = YES;
				GCC_WARN_ABOUT_RETURN_TYPE = YES_ERROR;
				GCC_WARN_UNDECLARED_SELECTOR = YES;
				GCC_WARN_UNINITIALIZED_AUTOS = YES_AGGRESSIVE;
				GCC_WARN_UNUSED_FUNCTION = YES;
				GCC_WARN_UNUSED_VARIABLE = YES;
				IPHONEOS_DEPLOYMENT_TARGET = 14.0;
				MACOSX_DEPLOYMENT_TARGET = 13.0;
				MTL_ENABLE_DEBUG_INFO = INCLUDE_SOURCE;
				MTL_FAST_MATH = YES;
				ONLY_ACTIVE_ARCH = YES;
				PRODUCT_NAME = "$(TARGET_NAME)";
				SDKROOT = macosx;
				SUPPORTED_PLATFORMS = macosx;
				SWIFT_ACTIVE_COMPILATION_CONDITIONS = DEBUG;
				SWIFT_OPTIMIZATION_LEVEL = "-Onone";
				SWIFT_VERSION = 6.0;
			};
			name = Debug;
		};
		D4E3E2F7EDA5D2AFE2EDA6BE /* Debug */ = {
			isa = XCBuildConfiguration;
			buildSettings = {
				DEFINES_MODULE = YES;
				EXECUTABLE_PREFIX = lib;
				IPHONEOS_DEPLOYMENT_TARGET = 14.0;
				MACH_O_TYPE = staticlib;
				MACOSX_DEPLOYMENT_TARGET = 13.0;
				PRODUCT_NAME = Core;
				SDKROOT = macosx;
				SKIP_INSTALL = YES;
				SUPPORTED_PLATFORMS = macosx;
				SWIFT_VERSION = 6.0;
			};
			name = Debug;
		};
/* End XCBuildConfiguration section */

/* Begin XCConfigurationList section */
		303CEDA5081E0C12101239CC /* Build configuration list for PBXNativeTarget "knook" */ = {
			isa = XCConfigurationList;
			buildConfigurations = (
				266F0C4154599F5925D75D5B /* Debug */,
				0717E434CB5F38AC13450289 /* Release */,
			);
			defaultConfigurationIsVisible = 0;
			defaultConfigurationName = Release;
		};
		66222920B0B439E7F27E726E /* Build configuration list for PBXProject "Knook_Ita" */ = {
			isa = XCConfigurationList;
			buildConfigurations = (
				B1525FFF46E3CAA42DE5DB6E /* Debug */,
				AA7AA0952F915CBA9A90A9CA /* Release */,
			);
			defaultConfigurationIsVisible = 0;
			defaultConfigurationName = Release;
		};
		AB7282850CB6A8A99434B3D5 /* Build configuration list for PBXNativeTarget "Core" */ = {
			isa = XCConfigurationList;
			buildConfigurations = (
				D4E3E2F7EDA5D2AFE2EDA6BE /* Debug */,
				80C30BAF2A43DC268F3CF2E5 /* Release */,
			);
			defaultConfigurationIsVisible = 0;
			defaultConfigurationName = Release;
		};
/* End XCConfigurationList section */

/* Begin XCRemoteSwiftPackageReference section */
		ED22DBB9190C47B8989FAB67 /* XCRemoteSwiftPackageReference "ConfettiSwiftUI" */ = {
			isa = XCRemoteSwiftPackageReference;
			repositoryURL = "https://github.com/simibac/ConfettiSwiftUI.git";
			requirement = {
				kind = upToNextMajorVersion;
				minimumVersion = 1.1.0;
			};
		};
/* End XCRemoteSwiftPackageReference section */

/* Begin XCSwiftPackageProductDependency section */
		B7852805B6D112B6B3E34D0A /* ConfettiSwiftUI */ = {
			isa = XCSwiftPackageProductDependency;
			package = ED22DBB9190C47B8989FAB67 /* XCRemoteSwiftPackageReference "ConfettiSwiftUI" */;
			productName = ConfettiSwiftUI;
		};
/* End XCSwiftPackageProductDependency section */
	};
	rootObject = D1B929F3DB8E58E59F479A0A /* Project object */;
}
