// !$*UTF8*$!
{
	archiveVersion = 1;
	classes = {
	};
	objectVersion = 46;
	objects = {

/* Begin PBXBuildFile section */
		04E3F010F06135CB8F703FA3 /* ApplicationDelegate.swift in Sources */ = {isa = PBXBuildFile; fileRef = EA96F0FC2D0A136551D6CC67 /* ApplicationDelegate.swift */; };
		11D8A39DFDD02F7C809E40AF /* libCore.a in Frameworks */ = {isa = PBXBuildFile; fileRef = BB6F169F06D5BAB9F755D49E /* libCore.a */; };
		1220356121540BAF8CA53428 /* ActivityLogStore.swift in Sources */ = {isa = PBXBuildFile; fileRef = F585FD0E5D1B21945F8E4DE4 /* ActivityLogStore.swift */; };
		123141D2AC02ED4AE3007091 /* SettingsWindowController.swift in Sources */ = {isa = PBXBuildFile; fileRef = DD7BFA3D2F4F5A91778E734F /* SettingsWindowController.swift */; };
		1888F7A2EE9BD2476B65A974 /* TimerPhaseDisplay.swift in Sources */ = {isa = PBXBuildFile; fileRef = 234304B91942D973012A43B3 /* TimerPhaseDisplay.swift */; };
		2150FB2AAD670C97806AD16D /* ConfettiSwiftUI in Frameworks */ = {isa = PBXBuildFile; productRef = E1130AD9196D8BB7CC41B720 /* ConfettiSwiftUI */; };
		24C2F3BB0CA8FC5AD0C794A8 /* BreakStatsStore.swift in Sources */ = {isa = PBXBuildFile; fileRef = D24EB78A83147AC2FC3DEAB1 /* BreakStatsStore.swift */; };
		39CCCB1EE2FCBB610255FD37 /* SettingsView.swift in Sources */ = {isa = PBXBuildFile; fileRef = 1427B8E9BACE314A5EB467D2 /* SettingsView.swift */; };
		3BA179DD3E6C06D30E7BAC98 /* AppLaunchConfiguration.swift in Sources */ = {isa = PBXBuildFile; fileRef = 39BC21CDE37ADB9E226280BE /* AppLaunchConfiguration.swift */; };
		4393300DFBE702D52DE72F5A /* ContextualEducationEngine.swift in Sources */ = {isa = PBXBuildFile; fileRef = 88D7211737F03D9D7BE3DD72 /* ContextualEducationEngine.swift */; };
		57FAB462A7A9D04F55F2D70C /* SettingsStore.swift in Sources */ = {isa = PBXBuildFile; fileRef = FDA9896413DE4BEE964010D0 /* SettingsStore.swift */; };
		6451DDC238383E66BD8F8D3A /* Assets.xcassets in Resources */ = {isa = PBXBuildFile; fileRef = 46C1BE69F13426169425BC07 /* Assets.xcassets */; };
		6724D05DC1FBE7FBED441B7B /* MenuBarLabelView.swift in Sources */ = {isa = PBXBuildFile; fileRef = 1F95914537ED48F87B374F2A /* MenuBarLabelView.swift */; };
		6B90946EFB1C59A47BCBB30D /* SharedStyles.swift in Sources */ = {isa = PBXBuildFile; fileRef = 228E31F2BEB6243461C33F78 /* SharedStyles.swift */; };
		6E902DE5B2DDCA30343E1146 /* WorkspaceContextProvider.swift in Sources */ = {isa = PBXBuildFile; fileRef = DE12EAFEBE752A914D5355CE /* WorkspaceContextProvider.swift */; };
		719CC852E7A40A58BBA16464 /* AppModel.swift in Sources */ = {isa = PBXBuildFile; fileRef = 6D0743B1214137907601D27F /* AppModel.swift */; };
		738F336B3E2029D0B53E29CD /* BreakScheduler.swift in Sources */ = {isa = PBXBuildFile; fileRef = 6ED3BE1F90AA0191E8B2037F /* BreakScheduler.swift */; };
		7F6C3AC877CA93A996744DC5 /* StatusMenuView.swift in Sources */ = {isa = PBXBuildFile; fileRef = BAC172CE8190C2463424F2BE /* StatusMenuView.swift */; };
		87B5A98D516F27034F7BDD44 /* UpdateManager.swift in Sources */ = {isa = PBXBuildFile; fileRef = B94B0361D3EAAAFBAEF6B491 /* UpdateManager.swift */; };
		8ECE58C4E4C51C8ECAF4E9BD /* OverlayWindowHelper.swift in Sources */ = {isa = PBXBuildFile; fileRef = CFC7C8E661715131CD399E1A /* OverlayWindowHelper.swift */; };
		90B3A8B40C85D6C79BD55FB1 /* Models.swift in Sources */ = {isa = PBXBuildFile; fileRef = 5857CCCA3ACC2539F403B409 /* Models.swift */; };
		91CE8D41EB92308EBB164A41 /* ActivityMonitor.swift in Sources */ = {isa = PBXBuildFile; fileRef = FEFCBA29E8CBE0EE65A093B9 /* ActivityMonitor.swift */; };
		936E44D994D787C98A1832D4 /* OnboardingFlowView.swift in Sources */ = {isa = PBXBuildFile; fileRef = B8A478C3BE3064FF219F4147 /* OnboardingFlowView.swift */; };
		A944A0FE6E36847A5760DC99 /* AppShellTypes.swift in Sources */ = {isa = PBXBuildFile; fileRef = 7C248EF70E1DB0437B947569 /* AppShellTypes.swift */; };
		B16B8431DEC26333D1865C73 /* Cocoa.framework in Frameworks */ = {isa = PBXBuildFile; fileRef = 918A0DBAE971F5A1A5719831 /* Cocoa.framework */; };
		B418B479412855D05549A1D2 /* OnboardingFlowWindowController.swift in Sources */ = {isa = PBXBuildFile; fileRef = 23549E4E4D85D114DA41935D /* OnboardingFlowWindowController.swift */; };
		B9BE75574889D966475A09B9 /* BrewUpdateRunner.swift in Sources */ = {isa = PBXBuildFile; fileRef = C3B9127752902E58A9F581C0 /* BrewUpdateRunner.swift */; };
		C92CD527FABCD7582D0B3BBE /* LaunchAtLoginController.swift in Sources */ = {isa = PBXBuildFile; fileRef = 52FD5928DB30A855BA9A4EAB /* LaunchAtLoginController.swift */; };
		CD01CE3A06F8567EE09223E9 /* PopoverContentView.swift in Sources */ = {isa = PBXBuildFile; fileRef = BE9A8DFD1B7D2E65DE99936C /* PopoverContentView.swift */; };
		CDEBB612E59DD7D0701F4107 /* AppEntry.swift in Sources */ = {isa = PBXBuildFile; fileRef = 27FCF384F52FC6E0ED3DF46E /* AppEntry.swift */; };
		CEE3F832BCF6526B351C1C93 /* WellnessReminderEngine.swift in Sources */ = {isa = PBXBuildFile; fileRef = 73682DD88946BEE0A9E60ABC /* WellnessReminderEngine.swift */; };
		E4A39C3C971FBBD514FB47CE /* AppStorageLocations.swift in Sources */ = {isa = PBXBuildFile; fileRef = 68F92E8D60C99A3C7B9EF46C /* AppStorageLocations.swift */; };
		E6F1143118DAB804ECFAB735 /* BreakOverlayView.swift in Sources */ = {isa = PBXBuildFile; fileRef = CF5796A804B6AD4DF630D7CC /* BreakOverlayView.swift */; };
		F49A38F03EC7FE84AA493F0D /* BreakOverlayWindowController.swift in Sources */ = {isa = PBXBuildFile; fileRef = B7CAFBD97C7C4FD1FB58FF78 /* BreakOverlayWindowController.swift */; };
		F60A18B7E2FB741F6C343BDB /* WellnessPanelController.swift in Sources */ = {isa = PBXBuildFile; fileRef = 95F1EF84452926FE52E8DA5A /* WellnessPanelController.swift */; };
		FF3585A9AAFAF3D6AFC4964B /* AppWindowCoordinator.swift in Sources */ = {isa = PBXBuildFile; fileRef = 6C91D896E4C6F2DA68355B3F /* AppWindowCoordinator.swift */; };
/* End PBXBuildFile section */

/* Begin PBXContainerItemProxy section */
		D25255AAF396CF023C8E95AA /* PBXContainerItemProxy */ = {
			isa = PBXContainerItemProxy;
			containerPortal = 70B87F96C3C1F1BF43E60263 /* Project object */;
			proxyType = 1;
			remoteGlobalIDString = C9E95316A058A067C563E8A2;
			remoteInfo = Core;
		};
/* End PBXContainerItemProxy section */

/* Begin PBXFileReference section */
		05A4376DBE99A164967678E1 /* knook.rb */ = {isa = PBXFileReference; includeInIndex = 1; path = knook.rb; sourceTree = "<group>"; };
		1427B8E9BACE314A5EB467D2 /* SettingsView.swift */ = {isa = PBXFileReference; includeInIndex = 1; lastKnownFileType = sourcecode.swift; path = SettingsView.swift; sourceTree = "<group>"; };
		1F95914537ED48F87B374F2A /* MenuBarLabelView.swift */ = {isa = PBXFileReference; includeInIndex = 1; lastKnownFileType = sourcecode.swift; path = MenuBarLabelView.swift; sourceTree = "<group>"; };
		228E31F2BEB6243461C33F78 /* SharedStyles.swift */ = {isa = PBXFileReference; includeInIndex = 1; lastKnownFileType = sourcecode.swift; path = SharedStyles.swift; sourceTree = "<group>"; };
		234304B91942D973012A43B3 /* TimerPhaseDisplay.swift */ = {isa = PBXFileReference; includeInIndex = 1; lastKnownFileType = sourcecode.swift; path = TimerPhaseDisplay.swift; sourceTree = "<group>"; };
		23549E4E4D85D114DA41935D /* OnboardingFlowWindowController.swift */ = {isa = PBXFileReference; includeInIndex = 1; lastKnownFileType = sourcecode.swift; path = OnboardingFlowWindowController.swift; sourceTree = "<group>"; };
		27FCF384F52FC6E0ED3DF46E /* AppEntry.swift */ = {isa = PBXFileReference; includeInIndex = 1; lastKnownFileType = sourcecode.swift; path = AppEntry.swift; sourceTree = "<group>"; };
		39BC21CDE37ADB9E226280BE /* AppLaunchConfiguration.swift */ = {isa = PBXFileReference; includeInIndex = 1; lastKnownFileType = sourcecode.swift; path = AppLaunchConfiguration.swift; sourceTree = "<group>"; };
		46C1BE69F13426169425BC07 /* Assets.xcassets */ = {isa = PBXFileReference; includeInIndex = 1; lastKnownFileType = folder.assetcatalog; path = Assets.xcassets; sourceTree = "<group>"; };
		52FD5928DB30A855BA9A4EAB /* LaunchAtLoginController.swift */ = {isa = PBXFileReference; includeInIndex = 1; lastKnownFileType = sourcecode.swift; path = LaunchAtLoginController.swift; sourceTree = "<group>"; };
		5857CCCA3ACC2539F403B409 /* Models.swift */ = {isa = PBXFileReference; includeInIndex = 1; lastKnownFileType = sourcecode.swift; path = Models.swift; sourceTree = "<group>"; };
		642DC461A852BD3369CE2715 /* knook.entitlements */ = {isa = PBXFileReference; includeInIndex = 1; lastKnownFileType = text.plist.entitlements; path = knook.entitlements; sourceTree = "<group>"; };
		68F92E8D60C99A3C7B9EF46C /* AppStorageLocations.swift */ = {isa = PBXFileReference; includeInIndex = 1; lastKnownFileType = sourcecode.swift; path = AppStorageLocations.swift; sourceTree = "<group>"; };
		6C91D896E4C6F2DA68355B3F /* AppWindowCoordinator.swift */ = {isa = PBXFileReference; includeInIndex = 1; lastKnownFileType = sourcecode.swift; path = AppWindowCoordinator.swift; sourceTree = "<group>"; };
		6D0743B1214137907601D27F /* AppModel.swift */ = {isa = PBXFileReference; includeInIndex = 1; lastKnownFileType = sourcecode.swift; path = AppModel.swift; sourceTree = "<group>"; };
		6ED3BE1F90AA0191E8B2037F /* BreakScheduler.swift */ = {isa = PBXFileReference; includeInIndex = 1; lastKnownFileType = sourcecode.swift; path = BreakScheduler.swift; sourceTree = "<group>"; };
		73682DD88946BEE0A9E60ABC /* WellnessReminderEngine.swift */ = {isa = PBXFileReference; includeInIndex = 1; lastKnownFileType = sourcecode.swift; path = WellnessReminderEngine.swift; sourceTree = "<group>"; };
		73806DA60A3D19848BECC8D1 /* knook.app */ = {isa = PBXFileReference; explicitFileType = wrapper.application; includeInIndex = 0; path = knook.app; sourceTree = BUILT_PRODUCTS_DIR; };
		7C248EF70E1DB0437B947569 /* AppShellTypes.swift */ = {isa = PBXFileReference; includeInIndex = 1; lastKnownFileType = sourcecode.swift; path = AppShellTypes.swift; sourceTree = "<group>"; };
		88D7211737F03D9D7BE3DD72 /* ContextualEducationEngine.swift */ = {isa = PBXFileReference; includeInIndex = 1; lastKnownFileType = sourcecode.swift; path = ContextualEducationEngine.swift; sourceTree = "<group>"; };
		8E7BC19C7F688899768CA909 /* release.sh */ = {isa = PBXFileReference; includeInIndex = 1; lastKnownFileType = text.script.sh; path = release.sh; sourceTree = "<group>"; };
		918A0DBAE971F5A1A5719831 /* Cocoa.framework */ = {isa = PBXFileReference; lastKnownFileType = wrapper.framework; name = Cocoa.framework; path = Platforms/MacOSX.platform/Developer/SDKs/MacOSX15.0.sdk/System/Library/Frameworks/Cocoa.framework; sourceTree = DEVELOPER_DIR; };
		91C01DD992D02754B246A128 /* ExportOptions.plist */ = {isa = PBXFileReference; includeInIndex = 1; lastKnownFileType = text.plist.xml; path = ExportOptions.plist; sourceTree = "<group>"; };
		95F1EF84452926FE52E8DA5A /* WellnessPanelController.swift */ = {isa = PBXFileReference; includeInIndex = 1; lastKnownFileType = sourcecode.swift; path = WellnessPanelController.swift; sourceTree = "<group>"; };
		986C72F9B0C9450B52FE70C6 /* generate-app-icons.sh */ = {isa = PBXFileReference; includeInIndex = 1; lastKnownFileType = text.script.sh; path = "generate-app-icons.sh"; sourceTree = "<group>"; };
		ACAA8E337258FD4D66A52865 /* generate-xcodeproj.rb */ = {isa = PBXFileReference; includeInIndex = 1; path = "generate-xcodeproj.rb"; sourceTree = "<group>"; };
		B7CAFBD97C7C4FD1FB58FF78 /* BreakOverlayWindowController.swift */ = {isa = PBXFileReference; includeInIndex = 1; lastKnownFileType = sourcecode.swift; path = BreakOverlayWindowController.swift; sourceTree = "<group>"; };
		B8A478C3BE3064FF219F4147 /* OnboardingFlowView.swift */ = {isa = PBXFileReference; includeInIndex = 1; lastKnownFileType = sourcecode.swift; path = OnboardingFlowView.swift; sourceTree = "<group>"; };
		B94B0361D3EAAAFBAEF6B491 /* UpdateManager.swift */ = {isa = PBXFileReference; includeInIndex = 1; lastKnownFileType = sourcecode.swift; path = UpdateManager.swift; sourceTree = "<group>"; };
		BAC172CE8190C2463424F2BE /* StatusMenuView.swift */ = {isa = PBXFileReference; includeInIndex = 1; lastKnownFileType = sourcecode.swift; path = StatusMenuView.swift; sourceTree = "<group>"; };
		BB6F169F06D5BAB9F755D49E /* libCore.a */ = {isa = PBXFileReference; explicitFileType = archive.ar; includeInIndex = 0; path = libCore.a; sourceTree = BUILT_PRODUCTS_DIR; };
		BBA06B73298400C792C7360A /* README.md */ = {isa = PBXFileReference; includeInIndex = 1; path = README.md; sourceTree = "<group>"; };
		BE9A8DFD1B7D2E65DE99936C /* PopoverContentView.swift */ = {isa = PBXFileReference; includeInIndex = 1; lastKnownFileType = sourcecode.swift; path = PopoverContentView.swift; sourceTree = "<group>"; };
		C3B9127752902E58A9F581C0 /* BrewUpdateRunner.swift */ = {isa = PBXFileReference; includeInIndex = 1; lastKnownFileType = sourcecode.swift; path = BrewUpdateRunner.swift; sourceTree = "<group>"; };
		C46870A4D20C158F841C874F /* create-dmg.sh */ = {isa = PBXFileReference; includeInIndex = 1; lastKnownFileType = text.script.sh; path = "create-dmg.sh"; sourceTree = "<group>"; };
		CF5796A804B6AD4DF630D7CC /* BreakOverlayView.swift */ = {isa = PBXFileReference; includeInIndex = 1; lastKnownFileType = sourcecode.swift; path = BreakOverlayView.swift; sourceTree = "<group>"; };
		CFC7C8E661715131CD399E1A /* OverlayWindowHelper.swift */ = {isa = PBXFileReference; includeInIndex = 1; lastKnownFileType = sourcecode.swift; path = OverlayWindowHelper.swift; sourceTree = "<group>"; };
		D24EB78A83147AC2FC3DEAB1 /* BreakStatsStore.swift */ = {isa = PBXFileReference; includeInIndex = 1; lastKnownFileType = sourcecode.swift; path = BreakStatsStore.swift; sourceTree = "<group>"; };
		D6A7D58FD00448911B0BB5E9 /* Info.plist */ = {isa = PBXFileReference; includeInIndex = 1; lastKnownFileType = text.plist.xml; path = Info.plist; sourceTree = "<group>"; };
		DD7BFA3D2F4F5A91778E734F /* SettingsWindowController.swift */ = {isa = PBXFileReference; includeInIndex = 1; lastKnownFileType = sourcecode.swift; path = SettingsWindowController.swift; sourceTree = "<group>"; };
		DE12EAFEBE752A914D5355CE /* WorkspaceContextProvider.swift */ = {isa = PBXFileReference; includeInIndex = 1; lastKnownFileType = sourcecode.swift; path = WorkspaceContextProvider.swift; sourceTree = "<group>"; };
		EA96F0FC2D0A136551D6CC67 /* ApplicationDelegate.swift */ = {isa = PBXFileReference; includeInIndex = 1; lastKnownFileType = sourcecode.swift; path = ApplicationDelegate.swift; sourceTree = "<group>"; };
		F585FD0E5D1B21945F8E4DE4 /* ActivityLogStore.swift */ = {isa = PBXFileReference; includeInIndex = 1; lastKnownFileType = sourcecode.swift; path = ActivityLogStore.swift; sourceTree = "<group>"; };
		FDA9896413DE4BEE964010D0 /* SettingsStore.swift */ = {isa = PBXFileReference; includeInIndex = 1; lastKnownFileType = sourcecode.swift; path = SettingsStore.swift; sourceTree = "<group>"; };
		FEFCBA29E8CBE0EE65A093B9 /* ActivityMonitor.swift */ = {isa = PBXFileReference; includeInIndex = 1; lastKnownFileType = sourcecode.swift; path = ActivityMonitor.swift; sourceTree = "<group>"; };
/* End PBXFileReference section */

/* Begin PBXFrameworksBuildPhase section */
		CB5305E64C1A972C272A86BA /* Frameworks */ = {
			isa = PBXFrameworksBuildPhase;
			buildActionMask = 2147483647;
			files = (
			);
			runOnlyForDeploymentPostprocessing = 0;
		};
		F376462746DC9A340C8DA8F3 /* Frameworks */ = {
			isa = PBXFrameworksBuildPhase;
			buildActionMask = 2147483647;
			files = (
				B16B8431DEC26333D1865C73 /* Cocoa.framework in Frameworks */,
				2150FB2AAD670C97806AD16D /* ConfettiSwiftUI in Frameworks */,
				11D8A39DFDD02F7C809E40AF /* libCore.a in Frameworks */,
			);
			runOnlyForDeploymentPostprocessing = 0;
		};
/* End PBXFrameworksBuildPhase section */

/* Begin PBXGroup section */
		06C20505550EA94344E53103 /* macos */ = {
			isa = PBXGroup;
			children = (
				C46870A4D20C158F841C874F /* create-dmg.sh */,
				91C01DD992D02754B246A128 /* ExportOptions.plist */,
				986C72F9B0C9450B52FE70C6 /* generate-app-icons.sh */,
				ACAA8E337258FD4D66A52865 /* generate-xcodeproj.rb */,
				D6A7D58FD00448911B0BB5E9 /* Info.plist */,
				642DC461A852BD3369CE2715 /* knook.entitlements */,
				8E7BC19C7F688899768CA909 /* release.sh */,
			);
			name = macos;
			path = macos;
			sourceTree = "<group>";
		};
		48369075B395A0267532F9BA /* OS X */ = {
			isa = PBXGroup;
			children = (
				918A0DBAE971F5A1A5719831 /* Cocoa.framework */,
			);
			name = "OS X";
			sourceTree = "<group>";
		};
		52C67C27658145846BA1D41C = {
			isa = PBXGroup;
			children = (
				D4A90B0BD7CCB9AFE168DA8B /* Frameworks */,
				5BF923FC130D297A3EB8E507 /* packaging */,
				F2CADD753261F5BD7D336CBF /* Products */,
				EAFC0EED9FE470FCBC703691 /* Sources */,
			);
			sourceTree = "<group>";
		};
		5BF923FC130D297A3EB8E507 /* packaging */ = {
			isa = PBXGroup;
			children = (
				8335C180398CDAFEBBACCA64 /* homebrew */,
				06C20505550EA94344E53103 /* macos */,
			);
			name = packaging;
			path = packaging;
			sourceTree = SOURCE_ROOT;
		};
		8335C180398CDAFEBBACCA64 /* homebrew */ = {
			isa = PBXGroup;
			children = (
				D806510F3C43CD0DA73779F9 /* Casks */,
				BBA06B73298400C792C7360A /* README.md */,
			);
			name = homebrew;
			path = homebrew;
			sourceTree = "<group>";
		};
		B9578C97BC8DEA992AAF32FE /* AppShell */ = {
			isa = PBXGroup;
			children = (
				27FCF384F52FC6E0ED3DF46E /* AppEntry.swift */,
				39BC21CDE37ADB9E226280BE /* AppLaunchConfiguration.swift */,
				EA96F0FC2D0A136551D6CC67 /* ApplicationDelegate.swift */,
				6D0743B1214137907601D27F /* AppModel.swift */,
				7C248EF70E1DB0437B947569 /* AppShellTypes.swift */,
				6C91D896E4C6F2DA68355B3F /* AppWindowCoordinator.swift */,
				CF5796A804B6AD4DF630D7CC /* BreakOverlayView.swift */,
				B7CAFBD97C7C4FD1FB58FF78 /* BreakOverlayWindowController.swift */,
				C3B9127752902E58A9F581C0 /* BrewUpdateRunner.swift */,
				1F95914537ED48F87B374F2A /* MenuBarLabelView.swift */,
				B8A478C3BE3064FF219F4147 /* OnboardingFlowView.swift */,
				23549E4E4D85D114DA41935D /* OnboardingFlowWindowController.swift */,
				CFC7C8E661715131CD399E1A /* OverlayWindowHelper.swift */,
				BE9A8DFD1B7D2E65DE99936C /* PopoverContentView.swift */,
				C6E79CAF47768E14BA02FCB2 /* Resources */,
				1427B8E9BACE314A5EB467D2 /* SettingsView.swift */,
				DD7BFA3D2F4F5A91778E734F /* SettingsWindowController.swift */,
				228E31F2BEB6243461C33F78 /* SharedStyles.swift */,
				BAC172CE8190C2463424F2BE /* StatusMenuView.swift */,
				234304B91942D973012A43B3 /* TimerPhaseDisplay.swift */,
				B94B0361D3EAAAFBAEF6B491 /* UpdateManager.swift */,
				95F1EF84452926FE52E8DA5A /* WellnessPanelController.swift */,
			);
			name = AppShell;
			path = AppShell;
			sourceTree = "<group>";
		};
		C6E79CAF47768E14BA02FCB2 /* Resources */ = {
			isa = PBXGroup;
			children = (
				46C1BE69F13426169425BC07 /* Assets.xcassets */,
			);
			name = Resources;
			path = Resources;
			sourceTree = "<group>";
		};
		CF835BC68165BC55FAD31FB6 /* Core */ = {
			isa = PBXGroup;
			children = (
				F585FD0E5D1B21945F8E4DE4 /* ActivityLogStore.swift */,
				FEFCBA29E8CBE0EE65A093B9 /* ActivityMonitor.swift */,
				68F92E8D60C99A3C7B9EF46C /* AppStorageLocations.swift */,
				6ED3BE1F90AA0191E8B2037F /* BreakScheduler.swift */,
				D24EB78A83147AC2FC3DEAB1 /* BreakStatsStore.swift */,
				88D7211737F03D9D7BE3DD72 /* ContextualEducationEngine.swift */,
				52FD5928DB30A855BA9A4EAB /* LaunchAtLoginController.swift */,
				5857CCCA3ACC2539F403B409 /* Models.swift */,
				FDA9896413DE4BEE964010D0 /* SettingsStore.swift */,
				73682DD88946BEE0A9E60ABC /* WellnessReminderEngine.swift */,
				DE12EAFEBE752A914D5355CE /* WorkspaceContextProvider.swift */,
			);
			name = Core;
			path = Core;
			sourceTree = "<group>";
		};
		D4A90B0BD7CCB9AFE168DA8B /* Frameworks */ = {
			isa = PBXGroup;
			children = (
				48369075B395A0267532F9BA /* OS X */,
			);
			name = Frameworks;
			sourceTree = "<group>";
		};
		D806510F3C43CD0DA73779F9 /* Casks */ = {
			isa = PBXGroup;
			children = (
				05A4376DBE99A164967678E1 /* knook.rb */,
			);
			name = Casks;
			path = Casks;
			sourceTree = "<group>";
		};
		EAFC0EED9FE470FCBC703691 /* Sources */ = {
			isa = PBXGroup;
			children = (
				B9578C97BC8DEA992AAF32FE /* AppShell */,
				CF835BC68165BC55FAD31FB6 /* Core */,
			);
			name = Sources;
			path = Sources;
			sourceTree = SOURCE_ROOT;
		};
		F2CADD753261F5BD7D336CBF /* Products */ = {
			isa = PBXGroup;
			children = (
				73806DA60A3D19848BECC8D1 /* knook.app */,
				BB6F169F06D5BAB9F755D49E /* libCore.a */,
			);
			name = Products;
			sourceTree = "<group>";
		};
/* End PBXGroup section */

/* Begin PBXHeadersBuildPhase section */
		C3DD7922ABD882323664F0F5 /* Headers */ = {
			isa = PBXHeadersBuildPhase;
			buildActionMask = 2147483647;
			files = (
			);
			runOnlyForDeploymentPostprocessing = 0;
		};
/* End PBXHeadersBuildPhase section */

/* Begin PBXNativeTarget section */
		C9E95316A058A067C563E8A2 /* Core */ = {
			isa = PBXNativeTarget;
			buildConfigurationList = D926419D3610B096D8A71691 /* Build configuration list for PBXNativeTarget "Core" */;
			buildPhases = (
				C3DD7922ABD882323664F0F5 /* Headers */,
				899AEA1424B1A1DA7B3C6105 /* Sources */,
				CB5305E64C1A972C272A86BA /* Frameworks */,
			);
			buildRules = (
			);
			dependencies = (
			);
			name = Core;
			productName = Core;
			productReference = BB6F169F06D5BAB9F755D49E /* libCore.a */;
			productType = "com.apple.product-type.library.static";
		};
		EF6399B4D14ED43CACE49520 /* knook */ = {
			isa = PBXNativeTarget;
			buildConfigurationList = 670EF6D2DC8EC0BB1A29F9A0 /* Build configuration list for PBXNativeTarget "knook" */;
			buildPhases = (
				9E0083C0253766A40A588CF4 /* Sources */,
				F376462746DC9A340C8DA8F3 /* Frameworks */,
				D61DD48E8831DD7634DB3EA9 /* Resources */,
			);
			buildRules = (
			);
			dependencies = (
				5E499FE3858A4011B6CE68A0 /* PBXTargetDependency */,
			);
			name = knook;
			packageProductDependencies = (
				E1130AD9196D8BB7CC41B720 /* ConfettiSwiftUI */,
			);
			productName = knook;
			productReference = 73806DA60A3D19848BECC8D1 /* knook.app */;
			productType = "com.apple.product-type.application";
		};
/* End PBXNativeTarget section */

/* Begin PBXProject section */
		70B87F96C3C1F1BF43E60263 /* Project object */ = {
			isa = PBXProject;
			attributes = {
				LastSwiftUpdateCheck = 1600;
				LastUpgradeCheck = 1600;
			};
			buildConfigurationList = A6F15FD8DBBF6685CFCB0A3F /* Build configuration list for PBXProject "Knook_Ita" */;
			compatibilityVersion = "Xcode 3.2";
			developmentRegion = en;
			hasScannedForEncodings = 0;
			knownRegions = (
				en,
				Base,
			);
			mainGroup = 52C67C27658145846BA1D41C;
			minimizedProjectReferenceProxies = 0;
			packageReferences = (
				1553BC5DBE6A9D10E352A316 /* XCRemoteSwiftPackageReference "ConfettiSwiftUI" */,
			);
			preferredProjectObjectVersion = 77;
			productRefGroup = F2CADD753261F5BD7D336CBF /* Products */;
			projectDirPath = "";
			projectRoot = "";
			targets = (
				C9E95316A058A067C563E8A2 /* Core */,
				EF6399B4D14ED43CACE49520 /* knook */,
			);
		};
/* End PBXProject section */

/* Begin PBXResourcesBuildPhase section */
		D61DD48E8831DD7634DB3EA9 /* Resources */ = {
			isa = PBXResourcesBuildPhase;
			buildActionMask = 2147483647;
			files = (
				6451DDC238383E66BD8F8D3A /* Assets.xcassets in Resources */,
			);
			runOnlyForDeploymentPostprocessing = 0;
		};
/* End PBXResourcesBuildPhase section */

/* Begin PBXSourcesBuildPhase section */
		899AEA1424B1A1DA7B3C6105 /* Sources */ = {
			isa = PBXSourcesBuildPhase;
			buildActionMask = 2147483647;
			files = (
				1220356121540BAF8CA53428 /* ActivityLogStore.swift in Sources */,
				91CE8D41EB92308EBB164A41 /* ActivityMonitor.swift in Sources */,
				E4A39C3C971FBBD514FB47CE /* AppStorageLocations.swift in Sources */,
				738F336B3E2029D0B53E29CD /* BreakScheduler.swift in Sources */,
				24C2F3BB0CA8FC5AD0C794A8 /* BreakStatsStore.swift in Sources */,
				4393300DFBE702D52DE72F5A /* ContextualEducationEngine.swift in Sources */,
				C92CD527FABCD7582D0B3BBE /* LaunchAtLoginController.swift in Sources */,
				90B3A8B40C85D6C79BD55FB1 /* Models.swift in Sources */,
				57FAB462A7A9D04F55F2D70C /* SettingsStore.swift in Sources */,
				CEE3F832BCF6526B351C1C93 /* WellnessReminderEngine.swift in Sources */,
				6E902DE5B2DDCA30343E1146 /* WorkspaceContextProvider.swift in Sources */,
			);
			runOnlyForDeploymentPostprocessing = 0;
		};
		9E0083C0253766A40A588CF4 /* Sources */ = {
			isa = PBXSourcesBuildPhase;
			buildActionMask = 2147483647;
			files = (
				CDEBB612E59DD7D0701F4107 /* AppEntry.swift in Sources */,
				3BA179DD3E6C06D30E7BAC98 /* AppLaunchConfiguration.swift in Sources */,
				04E3F010F06135CB8F703FA3 /* ApplicationDelegate.swift in Sources */,
				719CC852E7A40A58BBA16464 /* AppModel.swift in Sources */,
				A944A0FE6E36847A5760DC99 /* AppShellTypes.swift in Sources */,
				FF3585A9AAFAF3D6AFC4964B /* AppWindowCoordinator.swift in Sources */,
				E6F1143118DAB804ECFAB735 /* BreakOverlayView.swift in Sources */,
				F49A38F03EC7FE84AA493F0D /* BreakOverlayWindowController.swift in Sources */,
				B9BE75574889D966475A09B9 /* BrewUpdateRunner.swift in Sources */,
				6724D05DC1FBE7FBED441B7B /* MenuBarLabelView.swift in Sources */,
				936E44D994D787C98A1832D4 /* OnboardingFlowView.swift in Sources */,
				B418B479412855D05549A1D2 /* OnboardingFlowWindowController.swift in Sources */,
				8ECE58C4E4C51C8ECAF4E9BD /* OverlayWindowHelper.swift in Sources */,
				CD01CE3A06F8567EE09223E9 /* PopoverContentView.swift in Sources */,
				39CCCB1EE2FCBB610255FD37 /* SettingsView.swift in Sources */,
				123141D2AC02ED4AE3007091 /* SettingsWindowController.swift in Sources */,
				6B90946EFB1C59A47BCBB30D /* SharedStyles.swift in Sources */,
				7F6C3AC877CA93A996744DC5 /* StatusMenuView.swift in Sources */,
				1888F7A2EE9BD2476B65A974 /* TimerPhaseDisplay.swift in Sources */,
				87B5A98D516F27034F7BDD44 /* UpdateManager.swift in Sources */,
				F60A18B7E2FB741F6C343BDB /* WellnessPanelController.swift in Sources */,
			);
			runOnlyForDeploymentPostprocessing = 0;
		};
/* End PBXSourcesBuildPhase section */

/* Begin PBXTargetDependency section */
		5E499FE3858A4011B6CE68A0 /* PBXTargetDependency */ = {
			isa = PBXTargetDependency;
			name = Core;
			target = C9E95316A058A067C563E8A2 /* Core */;
			targetProxy = D25255AAF396CF023C8E95AA /* PBXContainerItemProxy */;
		};
/* End PBXTargetDependency section */

/* Begin XCBuildConfiguration section */
		01C98727C2458455EABE32AB /* Release */ = {
			isa = XCBuildConfiguration;
			buildSettings = {
				ALWAYS_SEARCH_USER_PATHS = NO;
				CLANG_ANALYZER_NONNULL = YES;
				CLANG_ANALYZER_NUMBER_OBJECT_CONVERSION = YES_AGGRESSIVE;
				CLANG_CXX_LANGUAGE_STANDARD = "gnu++14";
				CLANG_CXX_LIBRARY = "libc++";
				CLANG_ENABLE_MODULES = YES;
				CLANG_ENABLE_OBJC_ARC = YES;
				CLANG_ENABLE_OBJC_WEAK = YES;
				CLANG_WARN_BLOCK_CAPTURE_AUTORELEASING = YES;
				CLANG_WARN_BOOL_CONVERSION = YES;
				CLANG_WARN_COMMA = YES;
				CLANG_WARN_CONSTANT_CONVERSION = YES;
				CLANG_WARN_DEPRECATED_OBJC_IMPLEMENTATIONS = YES;
				CLANG_WARN_DIRECT_OBJC_ISA_USAGE = YES_ERROR;
				CLANG_WARN_DOCUMENTATION_COMMENTS = YES;
				CLANG_WARN_EMPTY_BODY = YES;
				CLANG_WARN_ENUM_CONVERSION = YES;
				CLANG_WARN_INFINITE_RECURSION = YES;
				CLANG_WARN_INT_CONVERSION = YES;
				CLANG_WARN_NON_LITERAL_NULL_CONVERSION = YES;
				CLANG_WARN_OBJC_IMPLICIT_RETAIN_SELF = YES;
				CLANG_WARN_OBJC_LITERAL_CONVERSION = YES;
				CLANG_WARN_OBJC_ROOT_CLASS = YES_ERROR;
				CLANG_WARN_QUOTED_INCLUDE_IN_FRAMEWORK_HEADER = YES;
				CLANG_WARN_RANGE_LOOP_ANALYSIS = YES;
				CLANG_WARN_STRICT_PROTOTYPES = YES;
				CLANG_WARN_SUSPICIOUS_MOVE = YES;
				CLANG_WARN_UNGUARDED_AVAILABILITY = YES_AGGRESSIVE;
				CLANG_WARN_UNREACHABLE_CODE = YES;
				CLANG_WARN__DUPLICATE_METHOD_MATCH = YES;
				COPY_PHASE_STRIP = NO;
				DEBUG_INFORMATION_FORMAT = "dwarf-with-dsym";
				ENABLE_NS_ASSERTIONS = NO;
				ENABLE_STRICT_OBJC_MSGSEND = YES;
				GCC_C_LANGUAGE_STANDARD = gnu11;
				GCC_NO_COMMON_BLOCKS = YES;
				GCC_WARN_64_TO_32_BIT_CONVERSION = YES;
				GCC_WARN_ABOUT_RETURN_TYPE = YES_ERROR;
				GCC_WARN_UNDECLARED_SELECTOR = YES;
				GCC_WARN_UNINITIALIZED_AUTOS = YES_AGGRESSIVE;
				GCC_WARN_UNUSED_FUNCTION = YES;
				GCC_WARN_UNUSED_VARIABLE = YES;
				IPHONEOS_DEPLOYMENT_TARGET = 14.0;
				MACOSX_DEPLOYMENT_TARGET = 13.0;
				MTL_ENABLE_DEBUG_INFO = NO;
				MTL_FAST_MATH = YES;
				PRODUCT_NAME = "$(TARGET_NAME)";
				SDKROOT = macosx;
				SUPPORTED_PLATFORMS = macosx;
				SWIFT_COMPILATION_MODE = wholemodule;
				SWIFT_OPTIMIZATION_LEVEL = "-O";
				SWIFT_VERSION = 6.0;
			};
			name = Release;
		};
		410697FDD00901C92C7807E9 /* Debug */ = {
			isa = XCBuildConfiguration;
			buildSettings = {
				ALWAYS_SEARCH_USER_PATHS = NO;
				CLANG_ANALYZER_NONNULL = YES;
				CLANG_ANALYZER_NUMBER_OBJECT_CONVERSION = YES_AGGRESSIVE;
				CLANG_CXX_LANGUAGE_STANDARD = "gnu++14";
				CLANG_CXX_LIBRARY = "libc++";
				CLANG_ENABLE_MODULES = YES;
				CLANG_ENABLE_OBJC_ARC = YES;
				CLANG_ENABLE_OBJC_WEAK = YES;
				CLANG_WARN_BLOCK_CAPTURE_AUTORELEASING = YES;
				CLANG_WARN_BOOL_CONVERSION = YES;
				CLANG_WARN_COMMA = YES;
				CLANG_WARN_CONSTANT_CONVERSION = YES;
				CLANG_WARN_DEPRECATED_OBJC_IMPLEMENTATIONS = YES;
				CLANG_WARN_DIRECT_OBJC_ISA_USAGE = YES_ERROR;
				CLANG_WARN_DOCUMENTATION_COMMENTS = YES;
				CLANG_WARN_EMPTY_BODY = YES;
				CLANG_WARN_ENUM_CONVERSION = YES;
				CLANG_WARN_INFINITE_RECURSION = YES;
				CLANG_WARN_INT_CONVERSION = YES;
				CLANG_WARN_NON_LITERAL_NULL_CONVERSION = YES;
				CLANG_WARN_OBJC_IMPLICIT_RETAIN_SELF = YES;
				CLANG_WARN_OBJC_LITERAL_CONVERSION = YES;
				CLANG_WARN_OBJC_ROOT_CLASS = YES_ERROR;
				CLANG_WARN_QUOTED_INCLUDE_IN_FRAMEWORK_HEADER = YES;
				CLANG_WARN_RANGE_LOOP_ANALYSIS = YES;
				CLANG_WARN_STRICT_PROTOTYPES = YES;
				CLANG_WARN_SUSPICIOUS_MOVE = YES;
				CLANG_WARN_UNGUARDED_AVAILABILITY = YES_AGGRESSIVE;
				CLANG_WARN_UNREACHABLE_CODE = YES;
				CLANG_WARN__DUPLICATE_METHOD_MATCH = YES;
				COPY_PHASE_STRIP = NO;
				DEBUG_INFORMATION_FORMAT = dwarf;
				ENABLE_STRICT_OBJC_MSGSEND = YES;
				ENABLE_TESTABILITY = YES;
				GCC_C_LANGUAGE_STANDARD = gnu11;
				GCC_DYNAMIC_NO_PIC = NO;
				GCC_NO_COMMON_BLOCKS = YES;
				GCC_OPTIMIZATION_LEVEL = 0;
				GCC_PREPROCESSOR_DEFINITIONS = (
					"DEBUG=1",
					"$(inherited)",
				);
				GCC_WARN_64_TO_32_BIT_CONVERSION = YES;
				GCC_WARN_ABOUT_RETURN_TYPE = YES_ERROR;
				GCC_WARN_UNDECLARED_SELECTOR = YES;
				GCC_WARN_UNINITIALIZED_AUTOS = YES_AGGRESSIVE;
				GCC_WARN_UNUSED_FUNCTION = YES;
				GCC_WARN_UNUSED_VARIABLE = YES;
				IPHONEOS_DEPLOYMENT_TARGET = 14.0;
				MACOSX_DEPLOYMENT_TARGET = 13.0;
				MTL_ENABLE_DEBUG_INFO = INCLUDE_SOURCE;
				MTL_FAST_MATH = YES;
				ONLY_ACTIVE_ARCH = YES;
				PRODUCT_NAME = "$(TARGET_NAME)";
				SDKROOT = macosx;
				SUPPORTED_PLATFORMS = macosx;
				SWIFT_ACTIVE_COMPILATION_CONDITIONS = DEBUG;
				SWIFT_OPTIMIZATION_LEVEL = "-Onone";
				SWIFT_VERSION = 6.0;
			};
			name = Debug;
		};
		982AEA998B5BC3EF2055BA30 /* Debug */ = {
			isa = XCBuildConfiguration;
			buildSettings = {
				DEFINES_MODULE = YES;
				EXECUTABLE_PREFIX = lib;
				IPHONEOS_DEPLOYMENT_TARGET = 14.0;
				MACH_O_TYPE = staticlib;
				MACOSX_DEPLOYMENT_TARGET = 13.0;
				PRODUCT_NAME = Core;
				SDKROOT = macosx;
				SKIP_INSTALL = YES;
				SUPPORTED_PLATFORMS = macosx;
				SWIFT_VERSION = 6.0;
			};
			name = Debug;
		};
		9C4CCE9939CCF7455020346B /* Release */ = {
			isa = XCBuildConfiguration;
			buildSettings = {
				ASSETCATALOG_COMPILER_APPICON_NAME = AppIcon;
				ASSETCATALOG_COMPILER_GLOBAL_ACCENT_COLOR_NAME = AccentColor;
				CODE_SIGN_ENTITLEMENTS = packaging/macos/knook.entitlements;
				CODE_SIGN_IDENTITY = "Developer ID Application";
				CODE_SIGN_STYLE = Manual;
				COMBINE_HIDPI_IMAGES = YES;
				CURRENT_PROJECT_VERSION = 1;
				DEVELOPMENT_TEAM = BDT655MGNN;
				ENABLE_HARDENED_RUNTIME = YES;
				GENERATE_INFOPLIST_FILE = NO;
				INFOPLIST_FILE = packaging/macos/Info.plist;
				IPHONEOS_DEPLOYMENT_TARGET = 14.0;
				LD_RUNPATH_SEARCH_PATHS = "$(inherited) @executable_path/../Frameworks";
				MACOSX_DEPLOYMENT_TARGET = 13.0;
				MARKETING_VERSION = 0.3.2;
				PRODUCT_BUNDLE_IDENTIFIER = "io.github.manuvarru.knook-ita";
				PRODUCT_NAME = "Knook Ita";
				SDKROOT = macosx;
				SUPPORTED_PLATFORMS = macosx;
				SWIFT_EMIT_LOC_STRINGS = YES;
				SWIFT_VERSION = 6.0;
			};
			name = Release;
		};
		B1AAA21F3F4BB3CC4E5EC687 /* Release */ = {
			isa = XCBuildConfiguration;
			buildSettings = {
				DEFINES_MODULE = YES;
				EXECUTABLE_PREFIX = lib;
				IPHONEOS_DEPLOYMENT_TARGET = 14.0;
				MACH_O_TYPE = staticlib;
				MACOSX_DEPLOYMENT_TARGET = 13.0;
				PRODUCT_NAME = Core;
				SDKROOT = macosx;
				SKIP_INSTALL = YES;
				SUPPORTED_PLATFORMS = macosx;
				SWIFT_VERSION = 6.0;
			};
			name = Release;
		};
		F8667E73228E2704F9CF7E6F /* Debug */ = {
			isa = XCBuildConfiguration;
			buildSettings = {
				ASSETCATALOG_COMPILER_APPICON_NAME = AppIcon;
				ASSETCATALOG_COMPILER_GLOBAL_ACCENT_COLOR_NAME = AccentColor;
				CODE_SIGN_ENTITLEMENTS = packaging/macos/knook.entitlements;
				CODE_SIGN_IDENTITY = "Developer ID Application";
				CODE_SIGN_STYLE = Manual;
				COMBINE_HIDPI_IMAGES = YES;
				CURRENT_PROJECT_VERSION = 1;
				DEVELOPMENT_TEAM = BDT655MGNN;
				ENABLE_HARDENED_RUNTIME = YES;
				GENERATE_INFOPLIST_FILE = NO;
				INFOPLIST_FILE = packaging/macos/Info.plist;
				IPHONEOS_DEPLOYMENT_TARGET = 14.0;
				LD_RUNPATH_SEARCH_PATHS = "$(inherited) @executable_path/../Frameworks";
				MACOSX_DEPLOYMENT_TARGET = 13.0;
				MARKETING_VERSION = 0.3.2;
				PRODUCT_BUNDLE_IDENTIFIER = "io.github.manuvarru.knook-ita";
				PRODUCT_NAME = "Knook Ita";
				SDKROOT = macosx;
				SUPPORTED_PLATFORMS = macosx;
				SWIFT_EMIT_LOC_STRINGS = YES;
				SWIFT_VERSION = 6.0;
			};
			name = Debug;
		};
/* End XCBuildConfiguration section */

/* Begin XCConfigurationList section */
		670EF6D2DC8EC0BB1A29F9A0 /* Build configuration list for PBXNativeTarget "knook" */ = {
			isa = XCConfigurationList;
			buildConfigurations = (
				F8667E73228E2704F9CF7E6F /* Debug */,
				9C4CCE9939CCF7455020346B /* Release */,
			);
			defaultConfigurationIsVisible = 0;
			defaultConfigurationName = Release;
		};
		A6F15FD8DBBF6685CFCB0A3F /* Build configuration list for PBXProject "Knook_Ita" */ = {
			isa = XCConfigurationList;
			buildConfigurations = (
				410697FDD00901C92C7807E9 /* Debug */,
				01C98727C2458455EABE32AB /* Release */,
			);
			defaultConfigurationIsVisible = 0;
			defaultConfigurationName = Release;
		};
		D926419D3610B096D8A71691 /* Build configuration list for PBXNativeTarget "Core" */ = {
			isa = XCConfigurationList;
			buildConfigurations = (
				982AEA998B5BC3EF2055BA30 /* Debug */,
				B1AAA21F3F4BB3CC4E5EC687 /* Release */,
			);
			defaultConfigurationIsVisible = 0;
			defaultConfigurationName = Release;
		};
/* End XCConfigurationList section */

/* Begin XCRemoteSwiftPackageReference section */
		1553BC5DBE6A9D10E352A316 /* XCRemoteSwiftPackageReference "ConfettiSwiftUI" */ = {
			isa = XCRemoteSwiftPackageReference;
			repositoryURL = "https://github.com/simibac/ConfettiSwiftUI.git";
			requirement = {
				kind = upToNextMajorVersion;
				minimumVersion = 1.1.0;
			};
		};
/* End XCRemoteSwiftPackageReference section */

/* Begin XCSwiftPackageProductDependency section */
		E1130AD9196D8BB7CC41B720 /* ConfettiSwiftUI */ = {
			isa = XCSwiftPackageProductDependency;
			package = 1553BC5DBE6A9D10E352A316 /* XCRemoteSwiftPackageReference "ConfettiSwiftUI" */;
			productName = ConfettiSwiftUI;
		};
/* End XCSwiftPackageProductDependency section */
	};
	rootObject = 70B87F96C3C1F1BF43E60263 /* Project object */;
}
